
Microsoft Visual Studio Solution File, Format Version 12.00
# Visual Studio Version 17
VisualStudioVersion = 17.7.34221.43
MinimumVisualStudioVersion = 10.0.40219.1
Project("{FAE04EC0-301F-11D3-BF4B-00C04F79EFBC}") = "testApi", "testApi\testApi.csproj", "{A11623C0-240E-4370-B3A4-07303278E99B}"
EndProject
Global
	GlobalSection(SolutionConfigurationPlatforms) = preSolution
		Debug|Any CPU = Debug|Any CPU
		Release|Any CPU = Release|Any CPU
	EndGlobalSection
	GlobalSection(ProjectConfigurationPlatforms) = postSolution
		{A11623C0-240E-4370-B3A4-07303278E99B}.Debug|Any CPU.ActiveCfg = Debug|Any CPU
		{A11623C0-240E-4370-B3A4-07303278E99B}.Debug|Any CPU.Build.0 = Debug|Any CPU
		{A11623C0-240E-4370-B3A4-07303278E99B}.Release|Any CPU.ActiveCfg = Release|Any CPU
		{A11623C0-240E-4370-B3A4-07303278E99B}.Release|Any CPU.Build.0 = Release|Any CPU
	EndGlobalSection
	GlobalSection(SolutionProperties) = preSolution
		HideSolutionNode = FALSE
	EndGlobalSection
	GlobalSection(ExtensibilityGlobals) = postSolution
		SolutionGuid = {9A016346-644D-41CE-8A42-C75151A95763}
	EndGlobalSection
EndGlobal
